
Microsoft Visual Studio Solution File, Format Version 12.00
# Visual Studio Version 17
VisualStudioVersion = 17.13.35818.85 d17.13
MinimumVisualStudioVersion = 10.0.40219.1
Project("{FAE04EC0-301F-11D3-BF4B-00C04F79EFBC}") = "Exam System", "Exam System\Exam System.csproj", "{622564C8-9E75-4387-BA55-2D2BA349D19F}"
EndProject
Global
	GlobalSection(SolutionConfigurationPlatforms) = preSolution
		Debug|Any CPU = Debug|Any CPU
		Release|Any CPU = Release|Any CPU
	EndGlobalSection
	GlobalSection(ProjectConfigurationPlatforms) = postSolution
		{622564C8-9E75-4387-BA55-2D2BA349D19F}.Debug|Any CPU.ActiveCfg = Debug|Any CPU
		{622564C8-9E75-4387-BA55-2D2BA349D19F}.Debug|Any CPU.Build.0 = Debug|Any CPU
		{622564C8-9E75-4387-BA55-2D2BA349D19F}.Release|Any CPU.ActiveCfg = Release|Any CPU
		{622564C8-9E75-4387-BA55-2D2BA349D19F}.Release|Any CPU.Build.0 = Release|Any CPU
	EndGlobalSection
	GlobalSection(SolutionProperties) = preSolution
		HideSolutionNode = FALSE
	EndGlobalSection
	GlobalSection(ExtensibilityGlobals) = postSolution
		SolutionGuid = {BD9F80FF-A025-4A05-8454-4430688BD872}
	EndGlobalSection
EndGlobal
